// !$*UTF8*$!
{
	archiveVersion = 1;
	classes = {
	};
	objectVersion = 46;
	objects = {

/* Begin PBXBuildFile section */
		B0322F651E484E7B002E5563 /* main.m in Sources */ = {isa = PBXBuildFile; fileRef = B0322F641E484E7B002E5563 /* main.m */; };
		B0322F681E484E7B002E5563 /* AppDelegate.m in Sources */ = {isa = PBXBuildFile; fileRef = B0322F671E484E7B002E5563 /* AppDelegate.m */; };
		B0322F6B1E484E7B002E5563 /* ViewController.m in Sources */ = {isa = PBXBuildFile; fileRef = B0322F6A1E484E7B002E5563 /* ViewController.m */; };
		B0322F6E1E484E7B002E5563 /* Main.storyboard in Resources */ = {isa = PBXBuildFile; fileRef = B0322F6C1E484E7B002E5563 /* Main.storyboard */; };
		B0322F701E484E7B002E5563 /* Assets.xcassets in Resources */ = {isa = PBXBuildFile; fileRef = B0322F6F1E484E7B002E5563 /* Assets.xcassets */; };
		B0322F731E484E7B002E5563 /* LaunchScreen.storyboard in Resources */ = {isa = PBXBuildFile; fileRef = B0322F711E484E7B002E5563 /* LaunchScreen.storyboard */; };
		B035DB361E4C00EA00B8ACDE /* LWURLProtocol.m in Sources */ = {isa = PBXBuildFile; fileRef = B035DB351E4C00EA00B8ACDE /* LWURLProtocol.m */; };
		B035DB451E4C0BB600B8ACDE /* AFHTTPSessionManager.m in Sources */ = {isa = PBXBuildFile; fileRef = B035DB391E4C0BB600B8ACDE /* AFHTTPSessionManager.m */; };
		B035DB461E4C0BB600B8ACDE /* AFNetworkReachabilityManager.m in Sources */ = {isa = PBXBuildFile; fileRef = B035DB3C1E4C0BB600B8ACDE /* AFNetworkReachabilityManager.m */; };
		B035DB471E4C0BB600B8ACDE /* AFSecurityPolicy.m in Sources */ = {isa = PBXBuildFile; fileRef = B035DB3E1E4C0BB600B8ACDE /* AFSecurityPolicy.m */; };
		B035DB481E4C0BB600B8ACDE /* AFURLRequestSerialization.m in Sources */ = {isa = PBXBuildFile; fileRef = B035DB401E4C0BB600B8ACDE /* AFURLRequestSerialization.m */; };
		B035DB491E4C0BB600B8ACDE /* AFURLResponseSerialization.m in Sources */ = {isa = PBXBuildFile; fileRef = B035DB421E4C0BB600B8ACDE /* AFURLResponseSerialization.m */; };
		B035DB4A1E4C0BB600B8ACDE /* AFURLSessionManager.m in Sources */ = {isa = PBXBuildFile; fileRef = B035DB441E4C0BB600B8ACDE /* AFURLSessionManager.m */; };
		B035DB511E4C0F1B00B8ACDE /* LWHTTPProfiler.m in Sources */ = {isa = PBXBuildFile; fileRef = B035DB501E4C0F1B00B8ACDE /* LWHTTPProfiler.m */; };
		B0B332211E4C43DA000AFAEC /* NSURLSessionConfiguration+LWHTTPProfiler.m in Sources */ = {isa = PBXBuildFile; fileRef = B0B332201E4C43DA000AFAEC /* NSURLSessionConfiguration+LWHTTPProfiler.m */; };
/* End PBXBuildFile section */

/* Begin PBXFileReference section */
		B0322F601E484E7B002E5563 /* NSURLSession.app */ = {isa = PBXFileReference; explicitFileType = wrapper.application; includeInIndex = 0; path = NSURLSession.app; sourceTree = BUILT_PRODUCTS_DIR; };
		B0322F641E484E7B002E5563 /* main.m */ = {isa = PBXFileReference; lastKnownFileType = sourcecode.c.objc; path = main.m; sourceTree = "<group>"; };
		B0322F661E484E7B002E5563 /* AppDelegate.h */ = {isa = PBXFileReference; lastKnownFileType = sourcecode.c.h; path = AppDelegate.h; sourceTree = "<group>"; };
		B0322F671E484E7B002E5563 /* AppDelegate.m */ = {isa = PBXFileReference; lastKnownFileType = sourcecode.c.objc; path = AppDelegate.m; sourceTree = "<group>"; };
		B0322F691E484E7B002E5563 /* ViewController.h */ = {isa = PBXFileReference; lastKnownFileType = sourcecode.c.h; path = ViewController.h; sourceTree = "<group>"; };
		B0322F6A1E484E7B002E5563 /* ViewController.m */ = {isa = PBXFileReference; lastKnownFileType = sourcecode.c.objc; path = ViewController.m; sourceTree = "<group>"; };
		B0322F6D1E484E7B002E5563 /* Base */ = {isa = PBXFileReference; lastKnownFileType = file.storyboard; name = Base; path = Base.lproj/Main.storyboard; sourceTree = "<group>"; };
		B0322F6F1E484E7B002E5563 /* Assets.xcassets */ = {isa = PBXFileReference; lastKnownFileType = folder.assetcatalog; path = Assets.xcassets; sourceTree = "<group>"; };
		B0322F721E484E7B002E5563 /* Base */ = {isa = PBXFileReference; lastKnownFileType = file.storyboard; name = Base; path = Base.lproj/LaunchScreen.storyboard; sourceTree = "<group>"; };
		B0322F741E484E7B002E5563 /* Info.plist */ = {isa = PBXFileReference; lastKnownFileType = text.plist.xml; path = Info.plist; sourceTree = "<group>"; };
		B035DB341E4C00EA00B8ACDE /* LWURLProtocol.h */ = {isa = PBXFileReference; fileEncoding = 4; lastKnownFileType = sourcecode.c.h; path = LWURLProtocol.h; sourceTree = "<group>"; };
		B035DB351E4C00EA00B8ACDE /* LWURLProtocol.m */ = {isa = PBXFileReference; fileEncoding = 4; lastKnownFileType = sourcecode.c.objc; path = LWURLProtocol.m; sourceTree = "<group>"; };
		B035DB381E4C0BB600B8ACDE /* AFHTTPSessionManager.h */ = {isa = PBXFileReference; fileEncoding = 4; lastKnownFileType = sourcecode.c.h; name = AFHTTPSessionManager.h; path = AFNetworking/AFHTTPSessionManager.h; sourceTree = "<group>"; };
		B035DB391E4C0BB600B8ACDE /* AFHTTPSessionManager.m */ = {isa = PBXFileReference; fileEncoding = 4; lastKnownFileType = sourcecode.c.objc; name = AFHTTPSessionManager.m; path = AFNetworking/AFHTTPSessionManager.m; sourceTree = "<group>"; };
		B035DB3A1E4C0BB600B8ACDE /* AFNetworking.h */ = {isa = PBXFileReference; fileEncoding = 4; lastKnownFileType = sourcecode.c.h; name = AFNetworking.h; path = AFNetworking/AFNetworking.h; sourceTree = "<group>"; };
		B035DB3B1E4C0BB600B8ACDE /* AFNetworkReachabilityManager.h */ = {isa = PBXFileReference; fileEncoding = 4; lastKnownFileType = sourcecode.c.h; name = AFNetworkReachabilityManager.h; path = AFNetworking/AFNetworkReachabilityManager.h; sourceTree = "<group>"; };
		B035DB3C1E4C0BB600B8ACDE /* AFNetworkReachabilityManager.m */ = {isa = PBXFileReference; fileEncoding = 4; lastKnownFileType = sourcecode.c.objc; name = AFNetworkReachabilityManager.m; path = AFNetworking/AFNetworkReachabilityManager.m; sourceTree = "<group>"; };
		B035DB3D1E4C0BB600B8ACDE /* AFSecurityPolicy.h */ = {isa = PBXFileReference; fileEncoding = 4; lastKnownFileType = sourcecode.c.h; name = AFSecurityPolicy.h; path = AFNetworking/AFSecurityPolicy.h; sourceTree = "<group>"; };
		B035DB3E1E4C0BB600B8ACDE /* AFSecurityPolicy.m */ = {isa = PBXFileReference; fileEncoding = 4; lastKnownFileType = sourcecode.c.objc; name = AFSecurityPolicy.m; path = AFNetworking/AFSecurityPolicy.m; sourceTree = "<group>"; };
		B035DB3F1E4C0BB600B8ACDE /* AFURLRequestSerialization.h */ = {isa = PBXFileReference; fileEncoding = 4; lastKnownFileType = sourcecode.c.h; name = AFURLRequestSerialization.h; path = AFNetworking/AFURLRequestSerialization.h; sourceTree = "<group>"; };
		B035DB401E4C0BB600B8ACDE /* AFURLRequestSerialization.m */ = {isa = PBXFileReference; fileEncoding = 4; lastKnownFileType = sourcecode.c.objc; name = AFURLRequestSerialization.m; path = AFNetworking/AFURLRequestSerialization.m; sourceTree = "<group>"; };
		B035DB411E4C0BB600B8ACDE /* AFURLResponseSerialization.h */ = {isa = PBXFileReference; fileEncoding = 4; lastKnownFileType = sourcecode.c.h; name = AFURLResponseSerialization.h; path = AFNetworking/AFURLResponseSerialization.h; sourceTree = "<group>"; };
		B035DB421E4C0BB600B8ACDE /* AFURLResponseSerialization.m */ = {isa = PBXFileReference; fileEncoding = 4; lastKnownFileType = sourcecode.c.objc; name = AFURLResponseSerialization.m; path = AFNetworking/AFURLResponseSerialization.m; sourceTree = "<group>"; };
		B035DB431E4C0BB600B8ACDE /* AFURLSessionManager.h */ = {isa = PBXFileReference; fileEncoding = 4; lastKnownFileType = sourcecode.c.h; name = AFURLSessionManager.h; path = AFNetworking/AFURLSessionManager.h; sourceTree = "<group>"; };
		B035DB441E4C0BB600B8ACDE /* AFURLSessionManager.m */ = {isa = PBXFileReference; fileEncoding = 4; lastKnownFileType = sourcecode.c.objc; name = AFURLSessionManager.m; path = AFNetworking/AFURLSessionManager.m; sourceTree = "<group>"; };
		B035DB4F1E4C0F1B00B8ACDE /* LWHTTPProfiler.h */ = {isa = PBXFileReference; fileEncoding = 4; lastKnownFileType = sourcecode.c.h; path = LWHTTPProfiler.h; sourceTree = "<group>"; };
		B035DB501E4C0F1B00B8ACDE /* LWHTTPProfiler.m */ = {isa = PBXFileReference; fileEncoding = 4; lastKnownFileType = sourcecode.c.objc; path = LWHTTPProfiler.m; sourceTree = "<group>"; };
		B0B3321F1E4C43DA000AFAEC /* NSURLSessionConfiguration+LWHTTPProfiler.h */ = {isa = PBXFileReference; fileEncoding = 4; lastKnownFileType = sourcecode.c.h; path = "NSURLSessionConfiguration+LWHTTPProfiler.h"; sourceTree = "<group>"; };
		B0B332201E4C43DA000AFAEC /* NSURLSessionConfiguration+LWHTTPProfiler.m */ = {isa = PBXFileReference; fileEncoding = 4; lastKnownFileType = sourcecode.c.objc; path = "NSURLSessionConfiguration+LWHTTPProfiler.m"; sourceTree = "<group>"; };
/* End PBXFileReference section */

/* Begin PBXFrameworksBuildPhase section */
		B0322F5D1E484E7B002E5563 /* Frameworks */ = {
			isa = PBXFrameworksBuildPhase;
			buildActionMask = 2147483647;
			files = (
			);
			runOnlyForDeploymentPostprocessing = 0;
		};
/* End PBXFrameworksBuildPhase section */

/* Begin PBXGroup section */
		B0322F571E484E7B002E5563 = {
			isa = PBXGroup;
			children = (
				B035DB4E1E4C0EB100B8ACDE /* LWHTTPProfiler */,
				B035DB371E4C0B8E00B8ACDE /* AFNetworking */,
				B0322F621E484E7B002E5563 /* NSURLSession */,
				B0322F611E484E7B002E5563 /* Products */,
			);
			sourceTree = "<group>";
		};
		B0322F611E484E7B002E5563 /* Products */ = {
			isa = PBXGroup;
			children = (
				B0322F601E484E7B002E5563 /* NSURLSession.app */,
			);
			name = Products;
			sourceTree = "<group>";
		};
		B0322F621E484E7B002E5563 /* NSURLSession */ = {
			isa = PBXGroup;
			children = (
				B0322F691E484E7B002E5563 /* ViewController.h */,
				B0322F6A1E484E7B002E5563 /* ViewController.m */,
				B0322F631E484E7B002E5563 /* Supporting Files */,
			);
			path = NSURLSession;
			sourceTree = "<group>";
		};
		B0322F631E484E7B002E5563 /* Supporting Files */ = {
			isa = PBXGroup;
			children = (
				B0322F661E484E7B002E5563 /* AppDelegate.h */,
				B0322F671E484E7B002E5563 /* AppDelegate.m */,
				B0322F6C1E484E7B002E5563 /* Main.storyboard */,
				B0322F6F1E484E7B002E5563 /* Assets.xcassets */,
				B0322F711E484E7B002E5563 /* LaunchScreen.storyboard */,
				B0322F741E484E7B002E5563 /* Info.plist */,
				B0322F641E484E7B002E5563 /* main.m */,
			);
			name = "Supporting Files";
			sourceTree = "<group>";
		};
		B035DB371E4C0B8E00B8ACDE /* AFNetworking */ = {
			isa = PBXGroup;
			children = (
				B035DB3A1E4C0BB600B8ACDE /* AFNetworking.h */,
				B035DB4C1E4C0BDA00B8ACDE /* SecurityPolicy */,
				B035DB4B1E4C0BC400B8ACDE /* Reachability */,
				B035DB4D1E4C0BF700B8ACDE /* Serialization */,
				B035DB381E4C0BB600B8ACDE /* AFHTTPSessionManager.h */,
				B035DB391E4C0BB600B8ACDE /* AFHTTPSessionManager.m */,
				B035DB431E4C0BB600B8ACDE /* AFURLSessionManager.h */,
				B035DB441E4C0BB600B8ACDE /* AFURLSessionManager.m */,
			);
			name = AFNetworking;
			sourceTree = "<group>";
		};
		B035DB4B1E4C0BC400B8ACDE /* Reachability */ = {
			isa = PBXGroup;
			children = (
				B035DB3B1E4C0BB600B8ACDE /* AFNetworkReachabilityManager.h */,
				B035DB3C1E4C0BB600B8ACDE /* AFNetworkReachabilityManager.m */,
			);
			name = Reachability;
			sourceTree = "<group>";
		};
		B035DB4C1E4C0BDA00B8ACDE /* SecurityPolicy */ = {
			isa = PBXGroup;
			children = (
				B035DB3D1E4C0BB600B8ACDE /* AFSecurityPolicy.h */,
				B035DB3E1E4C0BB600B8ACDE /* AFSecurityPolicy.m */,
			);
			name = SecurityPolicy;
			sourceTree = "<group>";
		};
		B035DB4D1E4C0BF700B8ACDE /* Serialization */ = {
			isa = PBXGroup;
			children = (
				B035DB3F1E4C0BB600B8ACDE /* AFURLRequestSerialization.h */,
				B035DB401E4C0BB600B8ACDE /* AFURLRequestSerialization.m */,
				B035DB411E4C0BB600B8ACDE /* AFURLResponseSerialization.h */,
				B035DB421E4C0BB600B8ACDE /* AFURLResponseSerialization.m */,
			);
			name = Serialization;
			sourceTree = "<group>";
		};
		B035DB4E1E4C0EB100B8ACDE /* LWHTTPProfiler */ = {
			isa = PBXGroup;
			children = (
				B035DB4F1E4C0F1B00B8ACDE /* LWHTTPProfiler.h */,
				B035DB501E4C0F1B00B8ACDE /* LWHTTPProfiler.m */,
				B035DB341E4C00EA00B8ACDE /* LWURLProtocol.h */,
				B035DB351E4C00EA00B8ACDE /* LWURLProtocol.m */,
				B0B3321F1E4C43DA000AFAEC /* NSURLSessionConfiguration+LWHTTPProfiler.h */,
				B0B332201E4C43DA000AFAEC /* NSURLSessionConfiguration+LWHTTPProfiler.m */,
			);
			name = LWHTTPProfiler;
			sourceTree = "<group>";
		};
/* End PBXGroup section */

/* Begin PBXNativeTarget section */
		B0322F5F1E484E7B002E5563 /* NSURLSession */ = {
			isa = PBXNativeTarget;
			buildConfigurationList = B0322F771E484E7B002E5563 /* Build configuration list for PBXNativeTarget "NSURLSession" */;
			buildPhases = (
				B0322F5C1E484E7B002E5563 /* Sources */,
				B0322F5D1E484E7B002E5563 /* Frameworks */,
				B0322F5E1E484E7B002E5563 /* Resources */,
			);
			buildRules = (
			);
			dependencies = (
			);
			name = NSURLSession;
			productName = NSURLSession;
			productReference = B0322F601E484E7B002E5563 /* NSURLSession.app */;
			productType = "com.apple.product-type.application";
		};
/* End PBXNativeTarget section */

/* Begin PBXProject section */
		B0322F581E484E7B002E5563 /* Project object */ = {
			isa = PBXProject;
			attributes = {
				LastUpgradeCheck = 0810;
				ORGANIZATIONNAME = "刘微";
				TargetAttributes = {
					B0322F5F1E484E7B002E5563 = {
						CreatedOnToolsVersion = 8.1;
						DevelopmentTeam = 48NPNTSQK4;
						ProvisioningStyle = Automatic;
					};
				};
			};
			buildConfigurationList = B0322F5B1E484E7B002E5563 /* Build configuration list for PBXProject "NSURLSession" */;
			compatibilityVersion = "Xcode 3.2";
			developmentRegion = English;
			hasScannedForEncodings = 0;
			knownRegions = (
				en,
				Base,
			);
			mainGroup = B0322F571E484E7B002E5563;
			productRefGroup = B0322F611E484E7B002E5563 /* Products */;
			projectDirPath = "";
			projectRoot = "";
			targets = (
				B0322F5F1E484E7B002E5563 /* NSURLSession */,
			);
		};
/* End PBXProject section */

/* Begin PBXResourcesBuildPhase section */
		B0322F5E1E484E7B002E5563 /* Resources */ = {
			isa = PBXResourcesBuildPhase;
			buildActionMask = 2147483647;
			files = (
				B0322F731E484E7B002E5563 /* LaunchScreen.storyboard in Resources */,
				B0322F701E484E7B002E5563 /* Assets.xcassets in Resources */,
				B0322F6E1E484E7B002E5563 /* Main.storyboard in Resources */,
			);
			runOnlyForDeploymentPostprocessing = 0;
		};
/* End PBXResourcesBuildPhase section */

/* Begin PBXSourcesBuildPhase section */
		B0322F5C1E484E7B002E5563 /* Sources */ = {
			isa = PBXSourcesBuildPhase;
			buildActionMask = 2147483647;
			files = (
				B0B332211E4C43DA000AFAEC /* NSURLSessionConfiguration+LWHTTPProfiler.m in Sources */,
				B035DB471E4C0BB600B8ACDE /* AFSecurityPolicy.m in Sources */,
				B035DB491E4C0BB600B8ACDE /* AFURLResponseSerialization.m in Sources */,
				B035DB361E4C00EA00B8ACDE /* LWURLProtocol.m in Sources */,
				B0322F6B1E484E7B002E5563 /* ViewController.m in Sources */,
				B035DB451E4C0BB600B8ACDE /* AFHTTPSessionManager.m in Sources */,
				B035DB4A1E4C0BB600B8ACDE /* AFURLSessionManager.m in Sources */,
				B035DB511E4C0F1B00B8ACDE /* LWHTTPProfiler.m in Sources */,
				B0322F681E484E7B002E5563 /* AppDelegate.m in Sources */,
				B035DB461E4C0BB600B8ACDE /* AFNetworkReachabilityManager.m in Sources */,
				B0322F651E484E7B002E5563 /* main.m in Sources */,
				B035DB481E4C0BB600B8ACDE /* AFURLRequestSerialization.m in Sources */,
			);
			runOnlyForDeploymentPostprocessing = 0;
		};
/* End PBXSourcesBuildPhase section */

/* Begin PBXVariantGroup section */
		B0322F6C1E484E7B002E5563 /* Main.storyboard */ = {
			isa = PBXVariantGroup;
			children = (
				B0322F6D1E484E7B002E5563 /* Base */,
			);
			name = Main.storyboard;
			sourceTree = "<group>";
		};
		B0322F711E484E7B002E5563 /* LaunchScreen.storyboard */ = {
			isa = PBXVariantGroup;
			children = (
				B0322F721E484E7B002E5563 /* Base */,
			);
			name = LaunchScreen.storyboard;
			sourceTree = "<group>";
		};
/* End PBXVariantGroup section */

/* Begin XCBuildConfiguration section */
		B0322F751E484E7B002E5563 /* Debug */ = {
			isa = XCBuildConfiguration;
			buildSettings = {
				ALWAYS_SEARCH_USER_PATHS = NO;
				CLANG_ANALYZER_NONNULL = YES;
				CLANG_CXX_LANGUAGE_STANDARD = "gnu++0x";
				CLANG_CXX_LIBRARY = "libc++";
				CLANG_ENABLE_MODULES = YES;
				CLANG_ENABLE_OBJC_ARC = YES;
				CLANG_WARN_BOOL_CONVERSION = YES;
				CLANG_WARN_CONSTANT_CONVERSION = YES;
				CLANG_WARN_DIRECT_OBJC_ISA_USAGE = YES_ERROR;
				CLANG_WARN_DOCUMENTATION_COMMENTS = YES;
				CLANG_WARN_EMPTY_BODY = YES;
				CLANG_WARN_ENUM_CONVERSION = YES;
				CLANG_WARN_INFINITE_RECURSION = YES;
				CLANG_WARN_INT_CONVERSION = YES;
				CLANG_WARN_OBJC_ROOT_CLASS = YES_ERROR;
				CLANG_WARN_SUSPICIOUS_MOVES = YES;
				CLANG_WARN_UNREACHABLE_CODE = YES;
				CLANG_WARN__DUPLICATE_METHOD_MATCH = YES;
				"CODE_SIGN_IDENTITY[sdk=iphoneos*]" = "iPhone Developer";
				COPY_PHASE_STRIP = NO;
				DEBUG_INFORMATION_FORMAT = dwarf;
				ENABLE_STRICT_OBJC_MSGSEND = YES;
				ENABLE_TESTABILITY = YES;
				GCC_C_LANGUAGE_STANDARD = gnu99;
				GCC_DYNAMIC_NO_PIC = NO;
				GCC_NO_COMMON_BLOCKS = YES;
				GCC_OPTIMIZATION_LEVEL = 0;
				GCC_PREPROCESSOR_DEFINITIONS = (
					"DEBUG=1",
					"$(inherited)",
				);
				GCC_WARN_64_TO_32_BIT_CONVERSION = YES;
				GCC_WARN_ABOUT_RETURN_TYPE = YES_ERROR;
				GCC_WARN_UNDECLARED_SELECTOR = YES;
				GCC_WARN_UNINITIALIZED_AUTOS = YES_AGGRESSIVE;
				GCC_WARN_UNUSED_FUNCTION = YES;
				GCC_WARN_UNUSED_VARIABLE = YES;
				IPHONEOS_DEPLOYMENT_TARGET = 10.1;
				MTL_ENABLE_DEBUG_INFO = YES;
				ONLY_ACTIVE_ARCH = YES;
				SDKROOT = iphoneos;
			};
			name = Debug;
		};
		B0322F761E484E7B002E5563 /* Release */ = {
			isa = XCBuildConfiguration;
			buildSettings = {
				ALWAYS_SEARCH_USER_PATHS = NO;
				CLANG_ANALYZER_NONNULL = YES;
				CLANG_CXX_LANGUAGE_STANDARD = "gnu++0x";
				CLANG_CXX_LIBRARY = "libc++";
				CLANG_ENABLE_MODULES = YES;
				CLANG_ENABLE_OBJC_ARC = YES;
				CLANG_WARN_BOOL_CONVERSION = YES;
				CLANG_WARN_CONSTANT_CONVERSION = YES;
				CLANG_WARN_DIRECT_OBJC_ISA_USAGE = YES_ERROR;
				CLANG_WARN_DOCUMENTATION_COMMENTS = YES;
				CLANG_WARN_EMPTY_BODY = YES;
				CLANG_WARN_ENUM_CONVERSION = YES;
				CLANG_WARN_INFINITE_RECURSION = YES;
				CLANG_WARN_INT_CONVERSION = YES;
				CLANG_WARN_OBJC_ROOT_CLASS = YES_ERROR;
				CLANG_WARN_SUSPICIOUS_MOVES = YES;
				CLANG_WARN_UNREACHABLE_CODE = YES;
				CLANG_WARN__DUPLICATE_METHOD_MATCH = YES;
				"CODE_SIGN_IDENTITY[sdk=iphoneos*]" = "iPhone Developer";
				COPY_PHASE_STRIP = NO;
				DEBUG_INFORMATION_FORMAT = "dwarf-with-dsym";
				ENABLE_NS_ASSERTIONS = NO;
				ENABLE_STRICT_OBJC_MSGSEND = YES;
				GCC_C_LANGUAGE_STANDARD = gnu99;
				GCC_NO_COMMON_BLOCKS = YES;
				GCC_WARN_64_TO_32_BIT_CONVERSION = YES;
				GCC_WARN_ABOUT_RETURN_TYPE = YES_ERROR;
				GCC_WARN_UNDECLARED_SELECTOR = YES;
				GCC_WARN_UNINITIALIZED_AUTOS = YES_AGGRESSIVE;
				GCC_WARN_UNUSED_FUNCTION = YES;
				GCC_WARN_UNUSED_VARIABLE = YES;
				IPHONEOS_DEPLOYMENT_TARGET = 10.1;
				MTL_ENABLE_DEBUG_INFO = NO;
				SDKROOT = iphoneos;
				VALIDATE_PRODUCT = YES;
			};
			name = Release;
		};
		B0322F781E484E7B002E5563 /* Debug */ = {
			isa = XCBuildConfiguration;
			buildSettings = {
				ASSETCATALOG_COMPILER_APPICON_NAME = AppIcon;
				DEVELOPMENT_TEAM = 48NPNTSQK4;
				INFOPLIST_FILE = NSURLSession/Info.plist;
				LD_RUNPATH_SEARCH_PATHS = "$(inherited) @executable_path/Frameworks";
				PRODUCT_BUNDLE_IDENTIFIER = com.waynezxcv.NSURLSession;
				PRODUCT_NAME = "$(TARGET_NAME)";
			};
			name = Debug;
		};
		B0322F791E484E7B002E5563 /* Release */ = {
			isa = XCBuildConfiguration;
			buildSettings = {
				ASSETCATALOG_COMPILER_APPICON_NAME = AppIcon;
				DEVELOPMENT_TEAM = 48NPNTSQK4;
				INFOPLIST_FILE = NSURLSession/Info.plist;
				LD_RUNPATH_SEARCH_PATHS = "$(inherited) @executable_path/Frameworks";
				PRODUCT_BUNDLE_IDENTIFIER = com.waynezxcv.NSURLSession;
				PRODUCT_NAME = "$(TARGET_NAME)";
			};
			name = Release;
		};
/* End XCBuildConfiguration section */

/* Begin XCConfigurationList section */
		B0322F5B1E484E7B002E5563 /* Build configuration list for PBXProject "NSURLSession" */ = {
			isa = XCConfigurationList;
			buildConfigurations = (
				B0322F751E484E7B002E5563 /* Debug */,
				B0322F761E484E7B002E5563 /* Release */,
			);
			defaultConfigurationIsVisible = 0;
			defaultConfigurationName = Release;
		};
		B0322F771E484E7B002E5563 /* Build configuration list for PBXNativeTarget "NSURLSession" */ = {
			isa = XCConfigurationList;
			buildConfigurations = (
				B0322F781E484E7B002E5563 /* Debug */,
				B0322F791E484E7B002E5563 /* Release */,
			);
			defaultConfigurationIsVisible = 0;
			defaultConfigurationName = Release;
		};
/* End XCConfigurationList section */
	};
	rootObject = B0322F581E484E7B002E5563 /* Project object */;
}
